
Microsoft Visual Studio Solution File, Format Version 12.00
# Visual Studio Version 17
VisualStudioVersion = 17.9.34902.65
MinimumVisualStudioVersion = 10.0.40219.1
Project("{9A19103F-16F7-4668-BE54-9A1E7A4F7556}") = "fitness-workout-service", "fitness-workout-service\fitness-workout-service.csproj", "{EEA7C95E-627E-4170-AAD2-3262E0E36A5F}"
EndProject
Project("{9A19103F-16F7-4668-BE54-9A1E7A4F7556}") = "fitness-db", "..\fitness-db\fitness-db\fitness-db.csproj", "{1813FE5B-FDAE-4EB8-B4A6-EA6BBD91EC2F}"
EndProject
Global
	GlobalSection(SolutionConfigurationPlatforms) = preSolution
		Debug|Any CPU = Debug|Any CPU
		Release|Any CPU = Release|Any CPU
	EndGlobalSection
	GlobalSection(ProjectConfigurationPlatforms) = postSolution
		{EEA7C95E-627E-4170-AAD2-3262E0E36A5F}.Debug|Any CPU.ActiveCfg = Debug|Any CPU
		{EEA7C95E-627E-4170-AAD2-3262E0E36A5F}.Debug|Any CPU.Build.0 = Debug|Any CPU
		{EEA7C95E-627E-4170-AAD2-3262E0E36A5F}.Release|Any CPU.ActiveCfg = Release|Any CPU
		{EEA7C95E-627E-4170-AAD2-3262E0E36A5F}.Release|Any CPU.Build.0 = Release|Any CPU
		{1813FE5B-FDAE-4EB8-B4A6-EA6BBD91EC2F}.Debug|Any CPU.ActiveCfg = Debug|Any CPU
		{1813FE5B-FDAE-4EB8-B4A6-EA6BBD91EC2F}.Debug|Any CPU.Build.0 = Debug|Any CPU
		{1813FE5B-FDAE-4EB8-B4A6-EA6BBD91EC2F}.Release|Any CPU.ActiveCfg = Release|Any CPU
		{1813FE5B-FDAE-4EB8-B4A6-EA6BBD91EC2F}.Release|Any CPU.Build.0 = Release|Any CPU
	EndGlobalSection
	GlobalSection(SolutionProperties) = preSolution
		HideSolutionNode = FALSE
	EndGlobalSection
	GlobalSection(ExtensibilityGlobals) = postSolution
		SolutionGuid = {6D8996BA-B59F-40B5-A8B9-9FBA05104ED4}
	EndGlobalSection
EndGlobal
